
Microsoft Visual Studio Solution File, Format Version 12.00
# Visual Studio Version 17
VisualStudioVersion = 17.3.32825.248
MinimumVisualStudioVersion = 10.0.40219.1
Project("{FAE04EC0-301F-11D3-BF4B-00C04F79EFBC}") = "Revisao", "Revisao\Revisao.csproj", "{64E9CC03-D91E-4E01-A6C2-823DBF7852A8}"
EndProject
Global
	GlobalSection(SolutionConfigurationPlatforms) = preSolution
		Debug|Any CPU = Debug|Any CPU
		Release|Any CPU = Release|Any CPU
	EndGlobalSection
	GlobalSection(ProjectConfigurationPlatforms) = postSolution
		{64E9CC03-D91E-4E01-A6C2-823DBF7852A8}.Debug|Any CPU.ActiveCfg = Debug|Any CPU
		{64E9CC03-D91E-4E01-A6C2-823DBF7852A8}.Debug|Any CPU.Build.0 = Debug|Any CPU
		{64E9CC03-D91E-4E01-A6C2-823DBF7852A8}.Release|Any CPU.ActiveCfg = Release|Any CPU
		{64E9CC03-D91E-4E01-A6C2-823DBF7852A8}.Release|Any CPU.Build.0 = Release|Any CPU
	EndGlobalSection
	GlobalSection(SolutionProperties) = preSolution
		HideSolutionNode = FALSE
	EndGlobalSection
	GlobalSection(ExtensibilityGlobals) = postSolution
		SolutionGuid = {3EA08B58-3E4C-4EC7-B891-AAB130A125C5}
	EndGlobalSection
EndGlobal
